// !$*UTF8*$!
{
	archiveVersion = 1;
	classes = {
	};
	objectVersion = 46;
	objects = {

/* Begin PBXBuildFile section */
		ED4A51B81A77ADD600E875A0 /* main.m in Sources */ = {isa = PBXBuildFile; fileRef = ED4A51B71A77ADD600E875A0 /* main.m */; };
		ED4A51BB1A77ADD600E875A0 /* AppDelegate.m in Sources */ = {isa = PBXBuildFile; fileRef = ED4A51BA1A77ADD600E875A0 /* AppDelegate.m */; };
		ED4A51BE1A77ADD600E875A0 /* ViewController.m in Sources */ = {isa = PBXBuildFile; fileRef = ED4A51BD1A77ADD600E875A0 /* ViewController.m */; };
		ED4A51C11A77ADD600E875A0 /* Main.storyboard in Resources */ = {isa = PBXBuildFile; fileRef = ED4A51BF1A77ADD600E875A0 /* Main.storyboard */; };
		ED4A51C31A77ADD600E875A0 /* Images.xcassets in Resources */ = {isa = PBXBuildFile; fileRef = ED4A51C21A77ADD600E875A0 /* Images.xcassets */; };
		ED4A51C61A77ADD600E875A0 /* LaunchScreen.xib in Resources */ = {isa = PBXBuildFile; fileRef = ED4A51C41A77ADD600E875A0 /* LaunchScreen.xib */; };
		ED4A51D21A77ADD600E875A0 /* StatusBarHUDDemoTests.m in Sources */ = {isa = PBXBuildFile; fileRef = ED4A51D11A77ADD600E875A0 /* StatusBarHUDDemoTests.m */; };
		ED4A51E61A77AEC600E875A0 /* StatusBarHUD.bundle in Resources */ = {isa = PBXBuildFile; fileRef = ED4A51E41A77AEC600E875A0 /* StatusBarHUD.bundle */; };
		ED4A51E91A77AF0400E875A0 /* StatusBarHUD.m in Sources */ = {isa = PBXBuildFile; fileRef = ED4A51E81A77AF0400E875A0 /* StatusBarHUD.m */; };
/* End PBXBuildFile section */

/* Begin PBXContainerItemProxy section */
		ED4A51CC1A77ADD600E875A0 /* PBXContainerItemProxy */ = {
			isa = PBXContainerItemProxy;
			containerPortal = ED4A51AA1A77ADD600E875A0 /* Project object */;
			proxyType = 1;
			remoteGlobalIDString = ED4A51B11A77ADD600E875A0;
			remoteInfo = StatusBarHUDDemo;
		};
/* End PBXContainerItemProxy section */

/* Begin PBXFileReference section */
		ED4A51B21A77ADD600E875A0 /* StatusBarHUDDemo.app */ = {isa = PBXFileReference; explicitFileType = wrapper.application; includeInIndex = 0; path = StatusBarHUDDemo.app; sourceTree = BUILT_PRODUCTS_DIR; };
		ED4A51B61A77ADD600E875A0 /* Info.plist */ = {isa = PBXFileReference; lastKnownFileType = text.plist.xml; path = Info.plist; sourceTree = "<group>"; };
		ED4A51B71A77ADD600E875A0 /* main.m */ = {isa = PBXFileReference; lastKnownFileType = sourcecode.c.objc; path = main.m; sourceTree = "<group>"; };
		ED4A51B91A77ADD600E875A0 /* AppDelegate.h */ = {isa = PBXFileReference; lastKnownFileType = sourcecode.c.h; path = AppDelegate.h; sourceTree = "<group>"; };
		ED4A51BA1A77ADD600E875A0 /* AppDelegate.m */ = {isa = PBXFileReference; lastKnownFileType = sourcecode.c.objc; path = AppDelegate.m; sourceTree = "<group>"; };
		ED4A51BC1A77ADD600E875A0 /* ViewController.h */ = {isa = PBXFileReference; lastKnownFileType = sourcecode.c.h; path = ViewController.h; sourceTree = "<group>"; };
		ED4A51BD1A77ADD600E875A0 /* ViewController.m */ = {isa = PBXFileReference; lastKnownFileType = sourcecode.c.objc; path = ViewController.m; sourceTree = "<group>"; };
		ED4A51C01A77ADD600E875A0 /* Base */ = {isa = PBXFileReference; lastKnownFileType = file.storyboard; name = Base; path = Base.lproj/Main.storyboard; sourceTree = "<group>"; };
		ED4A51C21A77ADD600E875A0 /* Images.xcassets */ = {isa = PBXFileReference; lastKnownFileType = folder.assetcatalog; path = Images.xcassets; sourceTree = "<group>"; };
		ED4A51C51A77ADD600E875A0 /* Base */ = {isa = PBXFileReference; lastKnownFileType = file.xib; name = Base; path = Base.lproj/LaunchScreen.xib; sourceTree = "<group>"; };
		ED4A51CB1A77ADD600E875A0 /* StatusBarHUDDemoTests.xctest */ = {isa = PBXFileReference; explicitFileType = wrapper.cfbundle; includeInIndex = 0; path = StatusBarHUDDemoTests.xctest; sourceTree = BUILT_PRODUCTS_DIR; };
		ED4A51D01A77ADD600E875A0 /* Info.plist */ = {isa = PBXFileReference; lastKnownFileType = text.plist.xml; path = Info.plist; sourceTree = "<group>"; };
		ED4A51D11A77ADD600E875A0 /* StatusBarHUDDemoTests.m */ = {isa = PBXFileReference; lastKnownFileType = sourcecode.c.objc; path = StatusBarHUDDemoTests.m; sourceTree = "<group>"; };
		ED4A51E41A77AEC600E875A0 /* StatusBarHUD.bundle */ = {isa = PBXFileReference; lastKnownFileType = "wrapper.plug-in"; path = StatusBarHUD.bundle; sourceTree = "<group>"; };
		ED4A51E71A77AF0400E875A0 /* StatusBarHUD.h */ = {isa = PBXFileReference; fileEncoding = 4; lastKnownFileType = sourcecode.c.h; path = StatusBarHUD.h; sourceTree = "<group>"; };
		ED4A51E81A77AF0400E875A0 /* StatusBarHUD.m */ = {isa = PBXFileReference; fileEncoding = 4; lastKnownFileType = sourcecode.c.objc; path = StatusBarHUD.m; sourceTree = "<group>"; };
/* End PBXFileReference section */

/* Begin PBXFrameworksBuildPhase section */
		ED4A51AF1A77ADD600E875A0 /* Frameworks */ = {
			isa = PBXFrameworksBuildPhase;
			buildActionMask = 2147483647;
			files = (
			);
			runOnlyForDeploymentPostprocessing = 0;
		};
		ED4A51C81A77ADD600E875A0 /* Frameworks */ = {
			isa = PBXFrameworksBuildPhase;
			buildActionMask = 2147483647;
			files = (
			);
			runOnlyForDeploymentPostprocessing = 0;
		};
/* End PBXFrameworksBuildPhase section */

/* Begin PBXGroup section */
		ED4A51A91A77ADD600E875A0 = {
			isa = PBXGroup;
			children = (
				ED4A51B41A77ADD600E875A0 /* StatusBarHUDDemo */,
				ED4A51CE1A77ADD600E875A0 /* StatusBarHUDDemoTests */,
				ED4A51B31A77ADD600E875A0 /* Products */,
			);
			sourceTree = "<group>";
		};
		ED4A51B31A77ADD600E875A0 /* Products */ = {
			isa = PBXGroup;
			children = (
				ED4A51B21A77ADD600E875A0 /* StatusBarHUDDemo.app */,
				ED4A51CB1A77ADD600E875A0 /* StatusBarHUDDemoTests.xctest */,
			);
			name = Products;
			sourceTree = "<group>";
		};
		ED4A51B41A77ADD600E875A0 /* StatusBarHUDDemo */ = {
			isa = PBXGroup;
			children = (
				ED4A51E11A77AEC600E875A0 /* StatusBarHUD */,
				ED4A51B91A77ADD600E875A0 /* AppDelegate.h */,
				ED4A51BA1A77ADD600E875A0 /* AppDelegate.m */,
				ED4A51BC1A77ADD600E875A0 /* ViewController.h */,
				ED4A51BD1A77ADD600E875A0 /* ViewController.m */,
				ED4A51BF1A77ADD600E875A0 /* Main.storyboard */,
				ED4A51C21A77ADD600E875A0 /* Images.xcassets */,
				ED4A51C41A77ADD600E875A0 /* LaunchScreen.xib */,
				ED4A51B51A77ADD600E875A0 /* Supporting Files */,
			);
			path = StatusBarHUDDemo;
			sourceTree = "<group>";
		};
		ED4A51B51A77ADD600E875A0 /* Supporting Files */ = {
			isa = PBXGroup;
			children = (
				ED4A51B61A77ADD600E875A0 /* Info.plist */,
				ED4A51B71A77ADD600E875A0 /* main.m */,
			);
			name = "Supporting Files";
			sourceTree = "<group>";
		};
		ED4A51CE1A77ADD600E875A0 /* StatusBarHUDDemoTests */ = {
			isa = PBXGroup;
			children = (
				ED4A51D11A77ADD600E875A0 /* StatusBarHUDDemoTests.m */,
				ED4A51CF1A77ADD600E875A0 /* Supporting Files */,
			);
			path = StatusBarHUDDemoTests;
			sourceTree = "<group>";
		};
		ED4A51CF1A77ADD600E875A0 /* Supporting Files */ = {
			isa = PBXGroup;
			children = (
				ED4A51D01A77ADD600E875A0 /* Info.plist */,
			);
			name = "Supporting Files";
			sourceTree = "<group>";
		};
		ED4A51E11A77AEC600E875A0 /* StatusBarHUD */ = {
			isa = PBXGroup;
			children = (
				ED4A51E41A77AEC600E875A0 /* StatusBarHUD.bundle */,
				ED4A51E71A77AF0400E875A0 /* StatusBarHUD.h */,
				ED4A51E81A77AF0400E875A0 /* StatusBarHUD.m */,
			);
			path = StatusBarHUD;
			sourceTree = "<group>";
		};
/* End PBXGroup section */

/* Begin PBXNativeTarget section */
		ED4A51B11A77ADD600E875A0 /* StatusBarHUDDemo */ = {
			isa = PBXNativeTarget;
			buildConfigurationList = ED4A51D51A77ADD600E875A0 /* Build configuration list for PBXNativeTarget "StatusBarHUDDemo" */;
			buildPhases = (
				ED4A51AE1A77ADD600E875A0 /* Sources */,
				ED4A51AF1A77ADD600E875A0 /* Frameworks */,
				ED4A51B01A77ADD600E875A0 /* Resources */,
			);
			buildRules = (
			);
			dependencies = (
			);
			name = StatusBarHUDDemo;
			productName = StatusBarHUDDemo;
			productReference = ED4A51B21A77ADD600E875A0 /* StatusBarHUDDemo.app */;
			productType = "com.apple.product-type.application";
		};
		ED4A51CA1A77ADD600E875A0 /* StatusBarHUDDemoTests */ = {
			isa = PBXNativeTarget;
			buildConfigurationList = ED4A51D81A77ADD600E875A0 /* Build configuration list for PBXNativeTarget "StatusBarHUDDemoTests" */;
			buildPhases = (
				ED4A51C71A77ADD600E875A0 /* Sources */,
				ED4A51C81A77ADD600E875A0 /* Frameworks */,
				ED4A51C91A77ADD600E875A0 /* Resources */,
			);
			buildRules = (
			);
			dependencies = (
				ED4A51CD1A77ADD600E875A0 /* PBXTargetDependency */,
			);
			name = StatusBarHUDDemoTests;
			productName = StatusBarHUDDemoTests;
			productReference = ED4A51CB1A77ADD600E875A0 /* StatusBarHUDDemoTests.xctest */;
			productType = "com.apple.product-type.bundle.unit-test";
		};
/* End PBXNativeTarget section */

/* Begin PBXProject section */
		ED4A51AA1A77ADD600E875A0 /* Project object */ = {
			isa = PBXProject;
			attributes = {
				LastUpgradeCheck = 0610;
				ORGANIZATIONNAME = kouliang;
				TargetAttributes = {
					ED4A51B11A77ADD600E875A0 = {
						CreatedOnToolsVersion = 6.1.1;
					};
					ED4A51CA1A77ADD600E875A0 = {
						CreatedOnToolsVersion = 6.1.1;
						TestTargetID = ED4A51B11A77ADD600E875A0;
					};
				};
			};
			buildConfigurationList = ED4A51AD1A77ADD600E875A0 /* Build configuration list for PBXProject "StatusBarHUDDemo" */;
			compatibilityVersion = "Xcode 3.2";
			developmentRegion = English;
			hasScannedForEncodings = 0;
			knownRegions = (
				en,
				Base,
			);
			mainGroup = ED4A51A91A77ADD600E875A0;
			productRefGroup = ED4A51B31A77ADD600E875A0 /* Products */;
			projectDirPath = "";
			projectRoot = "";
			targets = (
				ED4A51B11A77ADD600E875A0 /* StatusBarHUDDemo */,
				ED4A51CA1A77ADD600E875A0 /* StatusBarHUDDemoTests */,
			);
		};
/* End PBXProject section */

/* Begin PBXResourcesBuildPhase section */
		ED4A51B01A77ADD600E875A0 /* Resources */ = {
			isa = PBXResourcesBuildPhase;
			buildActionMask = 2147483647;
			files = (
				ED4A51C11A77ADD600E875A0 /* Main.storyboard in Resources */,
				ED4A51E61A77AEC600E875A0 /* StatusBarHUD.bundle in Resources */,
				ED4A51C61A77ADD600E875A0 /* LaunchScreen.xib in Resources */,
				ED4A51C31A77ADD600E875A0 /* Images.xcassets in Resources */,
			);
			runOnlyForDeploymentPostprocessing = 0;
		};
		ED4A51C91A77ADD600E875A0 /* Resources */ = {
			isa = PBXResourcesBuildPhase;
			buildActionMask = 2147483647;
			files = (
			);
			runOnlyForDeploymentPostprocessing = 0;
		};
/* End PBXResourcesBuildPhase section */

/* Begin PBXSourcesBuildPhase section */
		ED4A51AE1A77ADD600E875A0 /* Sources */ = {
			isa = PBXSourcesBuildPhase;
			buildActionMask = 2147483647;
			files = (
				ED4A51BE1A77ADD600E875A0 /* ViewController.m in Sources */,
				ED4A51BB1A77ADD600E875A0 /* AppDelegate.m in Sources */,
				ED4A51E91A77AF0400E875A0 /* StatusBarHUD.m in Sources */,
				ED4A51B81A77ADD600E875A0 /* main.m in Sources */,
			);
			runOnlyForDeploymentPostprocessing = 0;
		};
		ED4A51C71A77ADD600E875A0 /* Sources */ = {
			isa = PBXSourcesBuildPhase;
			buildActionMask = 2147483647;
			files = (
				ED4A51D21A77ADD600E875A0 /* StatusBarHUDDemoTests.m in Sources */,
			);
			runOnlyForDeploymentPostprocessing = 0;
		};
/* End PBXSourcesBuildPhase section */

/* Begin PBXTargetDependency section */
		ED4A51CD1A77ADD600E875A0 /* PBXTargetDependency */ = {
			isa = PBXTargetDependency;
			target = ED4A51B11A77ADD600E875A0 /* StatusBarHUDDemo */;
			targetProxy = ED4A51CC1A77ADD600E875A0 /* PBXContainerItemProxy */;
		};
/* End PBXTargetDependency section */

/* Begin PBXVariantGroup section */
		ED4A51BF1A77ADD600E875A0 /* Main.storyboard */ = {
			isa = PBXVariantGroup;
			children = (
				ED4A51C01A77ADD600E875A0 /* Base */,
			);
			name = Main.storyboard;
			sourceTree = "<group>";
		};
		ED4A51C41A77ADD600E875A0 /* LaunchScreen.xib */ = {
			isa = PBXVariantGroup;
			children = (
				ED4A51C51A77ADD600E875A0 /* Base */,
			);
			name = LaunchScreen.xib;
			sourceTree = "<group>";
		};
/* End PBXVariantGroup section */

/* Begin XCBuildConfiguration section */
		ED4A51D31A77ADD600E875A0 /* Debug */ = {
			isa = XCBuildConfiguration;
			buildSettings = {
				ALWAYS_SEARCH_USER_PATHS = NO;
				CLANG_CXX_LANGUAGE_STANDARD = "gnu++0x";
				CLANG_CXX_LIBRARY = "libc++";
				CLANG_ENABLE_MODULES = YES;
				CLANG_ENABLE_OBJC_ARC = YES;
				CLANG_WARN_BOOL_CONVERSION = YES;
				CLANG_WARN_CONSTANT_CONVERSION = YES;
				CLANG_WARN_DIRECT_OBJC_ISA_USAGE = YES_ERROR;
				CLANG_WARN_EMPTY_BODY = YES;
				CLANG_WARN_ENUM_CONVERSION = YES;
				CLANG_WARN_INT_CONVERSION = YES;
				CLANG_WARN_OBJC_ROOT_CLASS = YES_ERROR;
				CLANG_WARN_UNREACHABLE_CODE = YES;
				CLANG_WARN__DUPLICATE_METHOD_MATCH = YES;
				"CODE_SIGN_IDENTITY[sdk=iphoneos*]" = "iPhone Developer";
				COPY_PHASE_STRIP = NO;
				ENABLE_STRICT_OBJC_MSGSEND = YES;
				GCC_C_LANGUAGE_STANDARD = gnu99;
				GCC_DYNAMIC_NO_PIC = NO;
				GCC_OPTIMIZATION_LEVEL = 0;
				GCC_PREPROCESSOR_DEFINITIONS = (
					"DEBUG=1",
					"$(inherited)",
				);
				GCC_SYMBOLS_PRIVATE_EXTERN = NO;
				GCC_WARN_64_TO_32_BIT_CONVERSION = YES;
				GCC_WARN_ABOUT_RETURN_TYPE = YES_ERROR;
				GCC_WARN_UNDECLARED_SELECTOR = YES;
				GCC_WARN_UNINITIALIZED_AUTOS = YES_AGGRESSIVE;
				GCC_WARN_UNUSED_FUNCTION = YES;
				GCC_WARN_UNUSED_VARIABLE = YES;
				IPHONEOS_DEPLOYMENT_TARGET = 8.1;
				MTL_ENABLE_DEBUG_INFO = YES;
				ONLY_ACTIVE_ARCH = YES;
				SDKROOT = iphoneos;
			};
			name = Debug;
		};
		ED4A51D41A77ADD600E875A0 /* Release */ = {
			isa = XCBuildConfiguration;
			buildSettings = {
				ALWAYS_SEARCH_USER_PATHS = NO;
				CLANG_CXX_LANGUAGE_STANDARD = "gnu++0x";
				CLANG_CXX_LIBRARY = "libc++";
				CLANG_ENABLE_MODULES = YES;
				CLANG_ENABLE_OBJC_ARC = YES;
				CLANG_WARN_BOOL_CONVERSION = YES;
				CLANG_WARN_CONSTANT_CONVERSION = YES;
				CLANG_WARN_DIRECT_OBJC_ISA_USAGE = YES_ERROR;
				CLANG_WARN_EMPTY_BODY = YES;
				CLANG_WARN_ENUM_CONVERSION = YES;
				CLANG_WARN_INT_CONVERSION = YES;
				CLANG_WARN_OBJC_ROOT_CLASS = YES_ERROR;
				CLANG_WARN_UNREACHABLE_CODE = YES;
				CLANG_WARN__DUPLICATE_METHOD_MATCH = YES;
				"CODE_SIGN_IDENTITY[sdk=iphoneos*]" = "iPhone Developer";
				COPY_PHASE_STRIP = YES;
				ENABLE_NS_ASSERTIONS = NO;
				ENABLE_STRICT_OBJC_MSGSEND = YES;
				GCC_C_LANGUAGE_STANDARD = gnu99;
				GCC_WARN_64_TO_32_BIT_CONVERSION = YES;
				GCC_WARN_ABOUT_RETURN_TYPE = YES_ERROR;
				GCC_WARN_UNDECLARED_SELECTOR = YES;
				GCC_WARN_UNINITIALIZED_AUTOS = YES_AGGRESSIVE;
				GCC_WARN_UNUSED_FUNCTION = YES;
				GCC_WARN_UNUSED_VARIABLE = YES;
				IPHONEOS_DEPLOYMENT_TARGET = 8.1;
				MTL_ENABLE_DEBUG_INFO = NO;
				SDKROOT = iphoneos;
				VALIDATE_PRODUCT = YES;
			};
			name = Release;
		};
		ED4A51D61A77ADD600E875A0 /* Debug */ = {
			isa = XCBuildConfiguration;
			buildSettings = {
				ASSETCATALOG_COMPILER_APPICON_NAME = AppIcon;
				INFOPLIST_FILE = StatusBarHUDDemo/Info.plist;
				LD_RUNPATH_SEARCH_PATHS = "$(inherited) @executable_path/Frameworks";
				PRODUCT_NAME = "$(TARGET_NAME)";
			};
			name = Debug;
		};
		ED4A51D71A77ADD600E875A0 /* Release */ = {
			isa = XCBuildConfiguration;
			buildSettings = {
				ASSETCATALOG_COMPILER_APPICON_NAME = AppIcon;
				INFOPLIST_FILE = StatusBarHUDDemo/Info.plist;
				LD_RUNPATH_SEARCH_PATHS = "$(inherited) @executable_path/Frameworks";
				PRODUCT_NAME = "$(TARGET_NAME)";
			};
			name = Release;
		};
		ED4A51D91A77ADD600E875A0 /* Debug */ = {
			isa = XCBuildConfiguration;
			buildSettings = {
				BUNDLE_LOADER = "$(TEST_HOST)";
				FRAMEWORK_SEARCH_PATHS = (
					"$(SDKROOT)/Developer/Library/Frameworks",
					"$(inherited)",
				);
				GCC_PREPROCESSOR_DEFINITIONS = (
					"DEBUG=1",
					"$(inherited)",
				);
				INFOPLIST_FILE = StatusBarHUDDemoTests/Info.plist;
				LD_RUNPATH_SEARCH_PATHS = "$(inherited) @executable_path/Frameworks @loader_path/Frameworks";
				PRODUCT_NAME = "$(TARGET_NAME)";
				TEST_HOST = "$(BUILT_PRODUCTS_DIR)/StatusBarHUDDemo.app/StatusBarHUDDemo";
			};
			name = Debug;
		};
		ED4A51DA1A77ADD600E875A0 /* Release */ = {
			isa = XCBuildConfiguration;
			buildSettings = {
				BUNDLE_LOADER = "$(TEST_HOST)";
				FRAMEWORK_SEARCH_PATHS = (
					"$(SDKROOT)/Developer/Library/Frameworks",
					"$(inherited)",
				);
				INFOPLIST_FILE = StatusBarHUDDemoTests/Info.plist;
				LD_RUNPATH_SEARCH_PATHS = "$(inherited) @executable_path/Frameworks @loader_path/Frameworks";
				PRODUCT_NAME = "$(TARGET_NAME)";
				TEST_HOST = "$(BUILT_PRODUCTS_DIR)/StatusBarHUDDemo.app/StatusBarHUDDemo";
			};
			name = Release;
		};
/* End XCBuildConfiguration section */

/* Begin XCConfigurationList section */
		ED4A51AD1A77ADD600E875A0 /* Build configuration list for PBXProject "StatusBarHUDDemo" */ = {
			isa = XCConfigurationList;
			buildConfigurations = (
				ED4A51D31A77ADD600E875A0 /* Debug */,
				ED4A51D41A77ADD600E875A0 /* Release */,
			);
			defaultConfigurationIsVisible = 0;
			defaultConfigurationName = Release;
		};
		ED4A51D51A77ADD600E875A0 /* Build configuration list for PBXNativeTarget "StatusBarHUDDemo" */ = {
			isa = XCConfigurationList;
			buildConfigurations = (
				ED4A51D61A77ADD600E875A0 /* Debug */,
				ED4A51D71A77ADD600E875A0 /* Release */,
			);
			defaultConfigurationIsVisible = 0;
		};
		ED4A51D81A77ADD600E875A0 /* Build configuration list for PBXNativeTarget "StatusBarHUDDemoTests" */ = {
			isa = XCConfigurationList;
			buildConfigurations = (
				ED4A51D91A77ADD600E875A0 /* Debug */,
				ED4A51DA1A77ADD600E875A0 /* Release */,
			);
			defaultConfigurationIsVisible = 0;
		};
/* End XCConfigurationList section */
	};
	rootObject = ED4A51AA1A77ADD600E875A0 /* Project object */;
}
